github.com/DataDrake/cli-ng/v2 v2.0.2 h1:7+25l25VmlERCE95glW6QKBUF13vxqAM2jasFiN02xQ=
github.com/DataDrake/cli-ng/v2 v2.0.2/go.mod h1:bU9YaNNWWVq0eIdDsU3TCe9+7Jb398iBBoqee5EiKWQ=
github.com/buildsi/codegen v0.0.0-20211020195131-dd21e6aa725c h1:u1hKJ7V2d4VR4xuQopGNfO0gWvtJhcedaPgzuj67gfY=
github.com/buildsi/codegen v0.0.0-20211020195131-dd21e6aa725c/go.mod h1:P+tlnLln+BMMlLKpFo1kZ7Z8FJvh87FqBrbHN3RwIIw=
github.com/mitchellh/mapstructure v1.4.2 h1:6h7AQ0yhTcIsmFmnAwQls75jp2Gzs4iB8W7pjMO+rqo=
github.com/mitchellh/mapstructure v1.4.2/go.mod h1:bFUtVrKA4DC2yAKiSyO/QUcy7e+RRV2QTWOzhPopBRo=
github.com/vsoch/gosmeagle v0.0.0-20211018173528-e95fe963b27c h1:fbLL/DqpAvMFeH/9rr/a37PMwVXL4Vs1Ys+3+pqbQ6U=
github.com/vsoch/gosmeagle v0.0.0-20211018173528-e95fe963b27c/go.mod h1:T23QVbcJK7z4XTlw0LQjFwQ7Gf9KHcTd/d89oOHN+Zk=
golang.org/x/arch v0.0.0-20210901143047-ebb09ed340f1 h1:MwxAfiDvuwX8Nnnc6iRDhzyMyyc2tz5tYyCP/pZcPCg=
golang.org/x/arch v0.0.0-20210901143047-ebb09ed340f1/go.mod h1:5om86z9Hs0C8fWVUuoMHwpExlXzs5Tkyp9hOrfG7pp8=
gopkg.in/check.v1 v0.0.0-20161208181325-20d25e280405/go.mod h1:Co6ibVJAznAaIkqp8huTwlJQCZ016jof/cbN4VW5Yz0=
gopkg.in/yaml.v3 v3.0.0-20210107192922-496545a6307b h1:h8qDotaEPuJATrMmW04NCwg7v22aHH28wwpauUhK9Oo=
gopkg.in/yaml.v3 v3.0.0-20210107192922-496545a6307b/go.mod h1:K4uyk7z7BCEPqu6E+C64Yfv1cQ7kz7rIZviUmN+EgEM=
rsc.io/pdf v0.1.1/go.mod h1:n8OzWcQ6Sp37PL01nO98y4iUCRdTGarVfzxY20ICaU4=
